// !$*UTF8*$!
{
	archiveVersion = 1;
	classes = {
	};
	objectVersion = 70;
	objects = {

/* Begin PBXBuildFile section */
		660DDBA92B7DFBC300F03FB0 /* SnapKit in Frameworks */ = {isa = PBXBuildFile; productRef = 660DDBA82B7DFBC300F03FB0 /* SnapKit */; };
		661853E12B7D7FFA005E0976 /* DataLoadingVC.swift in Sources */ = {isa = PBXBuildFile; fileRef = 661853E02B7D7FFA005E0976 /* DataLoadingVC.swift */; };
		661853E32B7D8020005E0976 /* EmptyStateView.swift in Sources */ = {isa = PBXBuildFile; fileRef = 661853E22B7D8020005E0976 /* EmptyStateView.swift */; };
		661853E52B7D8044005E0976 /* Constants.swift in Sources */ = {isa = PBXBuildFile; fileRef = 661853E42B7D8044005E0976 /* Constants.swift */; };
		661937972B7ABB0A00EFCC48 /* UIHelper.swift in Sources */ = {isa = PBXBuildFile; fileRef = 661937962B7ABB0A00EFCC48 /* UIHelper.swift */; };
		66249E392CB66E38005A4A1A /* ThemeColors.swift in Sources */ = {isa = PBXBuildFile; fileRef = 66249E382CB66E38005A4A1A /* ThemeColors.swift */; };
		662EED852B77893B00470192 /* AlertVC.swift in Sources */ = {isa = PBXBuildFile; fileRef = 662EED842B77893B00470192 /* AlertVC.swift */; };
		662EED882B77898B00470192 /* TitleLabel.swift in Sources */ = {isa = PBXBuildFile; fileRef = 662EED872B77898B00470192 /* TitleLabel.swift */; };
		662EED8A2B77899400470192 /* BodyLabel.swift in Sources */ = {isa = PBXBuildFile; fileRef = 662EED892B77899400470192 /* BodyLabel.swift */; };
		662EED8C2B7789A800470192 /* SecondaryTitleLabel.swift in Sources */ = {isa = PBXBuildFile; fileRef = 662EED8B2B7789A800470192 /* SecondaryTitleLabel.swift */; };
		662EED8F2B778A2100470192 /* CustomButton.swift in Sources */ = {isa = PBXBuildFile; fileRef = 662EED8E2B778A2100470192 /* CustomButton.swift */; };
		662EED912B778A5300470192 /* ContainerView.swift in Sources */ = {isa = PBXBuildFile; fileRef = 662EED902B778A5300470192 /* ContainerView.swift */; };
		662EED932B778AD200470192 /* UIViewController+Ext.swift in Sources */ = {isa = PBXBuildFile; fileRef = 662EED922B778AD200470192 /* UIViewController+Ext.swift */; };
		662EED952B77979400470192 /* MovieInfoView.swift in Sources */ = {isa = PBXBuildFile; fileRef = 662EED942B77979400470192 /* MovieInfoView.swift */; };
		662EED972B7798C900470192 /* StarRatingView.swift in Sources */ = {isa = PBXBuildFile; fileRef = 662EED962B7798C900470192 /* StarRatingView.swift */; };
		663F6B1D2B62C77000A8B4C6 /* TabBarViewController.swift in Sources */ = {isa = PBXBuildFile; fileRef = 663F6B1C2B62C77000A8B4C6 /* TabBarViewController.swift */; };
		6641ADF02CB3BF290021D7E0 /* AllCategoriesCell.swift in Sources */ = {isa = PBXBuildFile; fileRef = 6641ADEF2CB3BF290021D7E0 /* AllCategoriesCell.swift */; };
		6641ADF22CB3C5E60021D7E0 /* XButtonCollectionCell.swift in Sources */ = {isa = PBXBuildFile; fileRef = 6641ADF12CB3C5E60021D7E0 /* XButtonCollectionCell.swift */; };
		6641ADF42CB3DD7C0021D7E0 /* SelectCategoryVC.swift in Sources */ = {isa = PBXBuildFile; fileRef = 6641ADF32CB3DD7C0021D7E0 /* SelectCategoryVC.swift */; };
		6641ADF72CB4186A0021D7E0 /* MovieDetailCategoryController.swift in Sources */ = {isa = PBXBuildFile; fileRef = 6641ADF62CB4186A0021D7E0 /* MovieDetailCategoryController.swift */; };
		6641ADF92CB4189E0021D7E0 /* MenuDetailCollectionViewCell.swift in Sources */ = {isa = PBXBuildFile; fileRef = 6641ADF82CB4189E0021D7E0 /* MenuDetailCollectionViewCell.swift */; };
		6644222E2B85E94D000193DB /* HomeViewModelContracts.swift in Sources */ = {isa = PBXBuildFile; fileRef = 6644222D2B85E94D000193DB /* HomeViewModelContracts.swift */; };
		664422342B860BBE000193DB /* SeeAllViewModel.swift in Sources */ = {isa = PBXBuildFile; fileRef = 664422332B860BBE000193DB /* SeeAllViewModel.swift */; };
		664422362B860BC9000193DB /* SeeAllViewModelContracts.swift in Sources */ = {isa = PBXBuildFile; fileRef = 664422352B860BC9000193DB /* SeeAllViewModelContracts.swift */; };
		664422382B861A95000193DB /* FavoriteViewModelContracts.swift in Sources */ = {isa = PBXBuildFile; fileRef = 664422372B861A95000193DB /* FavoriteViewModelContracts.swift */; };
		6647FDD72CAEBE910006DF58 /* VerticalButton.swift in Sources */ = {isa = PBXBuildFile; fileRef = 6647FDD62CAEBE910006DF58 /* VerticalButton.swift */; };
		6647FDD92CAED4720006DF58 /* AppAppearence.swift in Sources */ = {isa = PBXBuildFile; fileRef = 6647FDD82CAED4720006DF58 /* AppAppearence.swift */; };
		6647FDDB2CAED5660006DF58 /* UINavigationBar+Ext.swift in Sources */ = {isa = PBXBuildFile; fileRef = 6647FDDA2CAED5660006DF58 /* UINavigationBar+Ext.swift */; };
		6647FDDE2CAEEBDA0006DF58 /* SeriesModel.swift in Sources */ = {isa = PBXBuildFile; fileRef = 6647FDDD2CAEEBDA0006DF58 /* SeriesModel.swift */; };
		6647FDEF2CAFE0420006DF58 /* HomeTableViewHeader.swift in Sources */ = {isa = PBXBuildFile; fileRef = 6647FDEE2CAFE0420006DF58 /* HomeTableViewHeader.swift */; };
		6647FDF12CAFF0730006DF58 /* HomeTitleView.swift in Sources */ = {isa = PBXBuildFile; fileRef = 6647FDF02CAFF0730006DF58 /* HomeTitleView.swift */; };
		6647FDF32CB015010006DF58 /* HomeCategoryButtonCell.swift in Sources */ = {isa = PBXBuildFile; fileRef = 6647FDF22CB015010006DF58 /* HomeCategoryButtonCell.swift */; };
		6647FE042CB01B2C0006DF58 /* SuggestedSearchViewController.swift in Sources */ = {isa = PBXBuildFile; fileRef = 6647FE032CB01B2C0006DF58 /* SuggestedSearchViewController.swift */; };
		6647FE072CB029360006DF58 /* HorizontalMobileCell.swift in Sources */ = {isa = PBXBuildFile; fileRef = 6647FE062CB029360006DF58 /* HorizontalMobileCell.swift */; };
		6647FE092CB0298E0006DF58 /* HorizontalMobileCollectionViewCell.swift in Sources */ = {isa = PBXBuildFile; fileRef = 6647FE082CB0298E0006DF58 /* HorizontalMobileCollectionViewCell.swift */; };
		6647FE0B2CB02AD50006DF58 /* SuggestedMovieCell.swift in Sources */ = {isa = PBXBuildFile; fileRef = 6647FE0A2CB02AD50006DF58 /* SuggestedMovieCell.swift */; };
		664F3CB92B6118DC009C5E3B /* AppDelegate.swift in Sources */ = {isa = PBXBuildFile; fileRef = 664F3CB82B6118DC009C5E3B /* AppDelegate.swift */; };
		664F3CBB2B6118DC009C5E3B /* SceneDelegate.swift in Sources */ = {isa = PBXBuildFile; fileRef = 664F3CBA2B6118DC009C5E3B /* SceneDelegate.swift */; };
		664F3CBD2B6118DC009C5E3B /* HomeViewController.swift in Sources */ = {isa = PBXBuildFile; fileRef = 664F3CBC2B6118DC009C5E3B /* HomeViewController.swift */; };
		664F3CC22B6118DD009C5E3B /* Assets.xcassets in Resources */ = {isa = PBXBuildFile; fileRef = 664F3CC12B6118DD009C5E3B /* Assets.xcassets */; };
		664F3CC52B6118DD009C5E3B /* LaunchScreen.storyboard in Resources */ = {isa = PBXBuildFile; fileRef = 664F3CC32B6118DD009C5E3B /* LaunchScreen.storyboard */; };
		664F3CD02B6118DD009C5E3B /* MetFlixTests.swift in Sources */ = {isa = PBXBuildFile; fileRef = 664F3CCF2B6118DD009C5E3B /* MetFlixTests.swift */; };
		664F3CDA2B6118DD009C5E3B /* MetFlixUITests.swift in Sources */ = {isa = PBXBuildFile; fileRef = 664F3CD92B6118DD009C5E3B /* MetFlixUITests.swift */; };
		664F3CDC2B6118DD009C5E3B /* MetFlixUITestsLaunchTests.swift in Sources */ = {isa = PBXBuildFile; fileRef = 664F3CDB2B6118DD009C5E3B /* MetFlixUITestsLaunchTests.swift */; };
		665505D12B872F3200391A12 /* MovieDetailViewModelContracts.swift in Sources */ = {isa = PBXBuildFile; fileRef = 665505D02B872F3200391A12 /* MovieDetailViewModelContracts.swift */; };
		666560382B80A23900EC0730 /* Header.swift in Sources */ = {isa = PBXBuildFile; fileRef = 666560372B80A23900EC0730 /* Header.swift */; };
		6665603A2B80AD3500EC0730 /* CarouselView.swift in Sources */ = {isa = PBXBuildFile; fileRef = 666560392B80AD3500EC0730 /* CarouselView.swift */; };
		6665603C2B80BA6300EC0730 /* UICollectionViewFlowLayout + Ext.swift in Sources */ = {isa = PBXBuildFile; fileRef = 6665603B2B80BA6300EC0730 /* UICollectionViewFlowLayout + Ext.swift */; };
		666729D82B7E12C900B78FC4 /* MovieVideoResponse.swift in Sources */ = {isa = PBXBuildFile; fileRef = 666729D72B7E12C900B78FC4 /* MovieVideoResponse.swift */; };
		6694A3622B74D3AF00870B22 /* MovieImagesModel.swift in Sources */ = {isa = PBXBuildFile; fileRef = 6694A3612B74D3AF00870B22 /* MovieImagesModel.swift */; };
		669E966B2B7A899700A3EA6F /* FavoriteMovieCell.swift in Sources */ = {isa = PBXBuildFile; fileRef = 669E966A2B7A899700A3EA6F /* FavoriteMovieCell.swift */; };
		669E966D2B7A8C7100A3EA6F /* PersistenceManager.swift in Sources */ = {isa = PBXBuildFile; fileRef = 669E966C2B7A8C7100A3EA6F /* PersistenceManager.swift */; };
		66A69DDD2CB52EC300C2D7C7 /* PopAnimator.swift in Sources */ = {isa = PBXBuildFile; fileRef = 66A69DDC2CB52EC300C2D7C7 /* PopAnimator.swift */; };
		66A69DE52CB54DD800C2D7C7 /* Lottie in Frameworks */ = {isa = PBXBuildFile; productRef = 66A69DE42CB54DD800C2D7C7 /* Lottie */; };
		66A69DE72CB54E2300C2D7C7 /* splash.json in Resources */ = {isa = PBXBuildFile; fileRef = 66A69DE62CB54E2300C2D7C7 /* splash.json */; };
		66A69DE92CB550BC00C2D7C7 /* TopRatedCollectionViewCell.swift in Sources */ = {isa = PBXBuildFile; fileRef = 66A69DE82CB550BC00C2D7C7 /* TopRatedCollectionViewCell.swift */; };
		66A69DEC2CB555ED00C2D7C7 /* LondrinaSketch.ttf in Resources */ = {isa = PBXBuildFile; fileRef = 66A69DEB2CB555ED00C2D7C7 /* LondrinaSketch.ttf */; };
		66ABE5652B88976800027EC7 /* MovieError.swift in Sources */ = {isa = PBXBuildFile; fileRef = 66ABE5642B88976800027EC7 /* MovieError.swift */; };
		66ABE5672B89CD5A00027EC7 /* HomeViewTest.swift in Sources */ = {isa = PBXBuildFile; fileRef = 66ABE5662B89CD5A00027EC7 /* HomeViewTest.swift */; };
		66B66CD92B7B5C99000849A0 /* SeeAllVC.swift in Sources */ = {isa = PBXBuildFile; fileRef = 66B66CD82B7B5C99000849A0 /* SeeAllVC.swift */; };
		66B66CDB2B7B5D12000849A0 /* SeeAllCell.swift in Sources */ = {isa = PBXBuildFile; fileRef = 66B66CDA2B7B5D12000849A0 /* SeeAllCell.swift */; };
		66C006942B63A99E0056830B /* MovieDetailVC.swift in Sources */ = {isa = PBXBuildFile; fileRef = 66C006932B63A99E0056830B /* MovieDetailVC.swift */; };
		66C006982B63A9E70056830B /* FavoriteViewController.swift in Sources */ = {isa = PBXBuildFile; fileRef = 66C006972B63A9E70056830B /* FavoriteViewController.swift */; };
		66C006AA2B63BF010056830B /* HomeViewModel.swift in Sources */ = {isa = PBXBuildFile; fileRef = 66C006A92B63BF010056830B /* HomeViewModel.swift */; };
		66C006AE2B63BF500056830B /* MovieDetailViewModel.swift in Sources */ = {isa = PBXBuildFile; fileRef = 66C006AD2B63BF500056830B /* MovieDetailViewModel.swift */; };
		66C006B02B63BF5A0056830B /* SearchViewModel.swift in Sources */ = {isa = PBXBuildFile; fileRef = 66C006AF2B63BF5A0056830B /* SearchViewModel.swift */; };
		66C006B22B63BF640056830B /* FavoriteViewModel.swift in Sources */ = {isa = PBXBuildFile; fileRef = 66C006B12B63BF640056830B /* FavoriteViewModel.swift */; };
		66C3EFA32B74F434005F57B7 /* UIImage+Ext.swift in Sources */ = {isa = PBXBuildFile; fileRef = 66C3EFA22B74F434005F57B7 /* UIImage+Ext.swift */; };
		66C3EFAF2B7629D2005F57B7 /* UIView+Ext.swift in Sources */ = {isa = PBXBuildFile; fileRef = 66C3EFAE2B7629D2005F57B7 /* UIView+Ext.swift */; };
		66C3EFB22B76342B005F57B7 /* CustomUIView.swift in Sources */ = {isa = PBXBuildFile; fileRef = 66C3EFB12B76342B005F57B7 /* CustomUIView.swift */; };
		66C3EFB42B763538005F57B7 /* CarouselCell.swift in Sources */ = {isa = PBXBuildFile; fileRef = 66C3EFB32B763538005F57B7 /* CarouselCell.swift */; };
		66C40B902B665CAC00540494 /* Utils.swift in Sources */ = {isa = PBXBuildFile; fileRef = 66C40B8F2B665CAC00540494 /* Utils.swift */; };
		66C744942B7F51DA00C86788 /* CollectionViewTableViewCell.swift in Sources */ = {isa = PBXBuildFile; fileRef = 66C744932B7F51DA00C86788 /* CollectionViewTableViewCell.swift */; };
		66C744962B7F52C100C86788 /* CGFloat + Ext.swift in Sources */ = {isa = PBXBuildFile; fileRef = 66C744952B7F52C100C86788 /* CGFloat + Ext.swift */; };
		66C744982B7F539800C86788 /* MovieCollectionViewCell.swift in Sources */ = {isa = PBXBuildFile; fileRef = 66C744972B7F539800C86788 /* MovieCollectionViewCell.swift */; };
		66E26A2D2B7CD4A900795400 /* SimilarMovieCell.swift in Sources */ = {isa = PBXBuildFile; fileRef = 66E26A2C2B7CD4A900795400 /* SimilarMovieCell.swift */; };
		66EB5D6E2B650B3A001ADD72 /* TabBarModel.swift in Sources */ = {isa = PBXBuildFile; fileRef = 66EB5D6D2B650B3A001ADD72 /* TabBarModel.swift */; };
		66EB5D782B655049001ADD72 /* MovieModel.swift in Sources */ = {isa = PBXBuildFile; fileRef = 66EB5D772B655049001ADD72 /* MovieModel.swift */; };
		66EB5D7B2B65554B001ADD72 /* MovieService.swift in Sources */ = {isa = PBXBuildFile; fileRef = 66EB5D7A2B65554B001ADD72 /* MovieService.swift */; };
		66EB5D7D2B655554001ADD72 /* MovieStore.swift in Sources */ = {isa = PBXBuildFile; fileRef = 66EB5D7C2B655554001ADD72 /* MovieStore.swift */; };
		66FEAABA2B8699D100446215 /* SearchViewModelContracts.swift in Sources */ = {isa = PBXBuildFile; fileRef = 66FEAAB92B8699D100446215 /* SearchViewModelContracts.swift */; };
		66FEE5C12B87F2F800704E93 /* SDWebImage in Frameworks */ = {isa = PBXBuildFile; productRef = 66FEE5C02B87F2F800704E93 /* SDWebImage */; };
/* End PBXBuildFile section */

/* Begin PBXContainerItemProxy section */
		664F3CCC2B6118DD009C5E3B /* PBXContainerItemProxy */ = {
			isa = PBXContainerItemProxy;
			containerPortal = 664F3CAD2B6118DB009C5E3B /* Project object */;
			proxyType = 1;
			remoteGlobalIDString = 664F3CB42B6118DC009C5E3B;
			remoteInfo = MetFlix;
		};
		664F3CD62B6118DD009C5E3B /* PBXContainerItemProxy */ = {
			isa = PBXContainerItemProxy;
			containerPortal = 664F3CAD2B6118DB009C5E3B /* Project object */;
			proxyType = 1;
			remoteGlobalIDString = 664F3CB42B6118DC009C5E3B;
			remoteInfo = MetFlix;
		};
/* End PBXContainerItemProxy section */

/* Begin PBXFileReference section */
		661853E02B7D7FFA005E0976 /* DataLoadingVC.swift */ = {isa = PBXFileReference; lastKnownFileType = sourcecode.swift; path = DataLoadingVC.swift; sourceTree = "<group>"; };
		661853E22B7D8020005E0976 /* EmptyStateView.swift */ = {isa = PBXFileReference; lastKnownFileType = sourcecode.swift; path = EmptyStateView.swift; sourceTree = "<group>"; };
		661853E42B7D8044005E0976 /* Constants.swift */ = {isa = PBXFileReference; lastKnownFileType = sourcecode.swift; path = Constants.swift; sourceTree = "<group>"; };
		661937962B7ABB0A00EFCC48 /* UIHelper.swift */ = {isa = PBXFileReference; lastKnownFileType = sourcecode.swift; path = UIHelper.swift; sourceTree = "<group>"; };
		66249E382CB66E38005A4A1A /* ThemeColors.swift */ = {isa = PBXFileReference; lastKnownFileType = sourcecode.swift; path = ThemeColors.swift; sourceTree = "<group>"; };
		662EED842B77893B00470192 /* AlertVC.swift */ = {isa = PBXFileReference; lastKnownFileType = sourcecode.swift; path = AlertVC.swift; sourceTree = "<group>"; };
		662EED872B77898B00470192 /* TitleLabel.swift */ = {isa = PBXFileReference; lastKnownFileType = sourcecode.swift; path = TitleLabel.swift; sourceTree = "<group>"; };
		662EED892B77899400470192 /* BodyLabel.swift */ = {isa = PBXFileReference; lastKnownFileType = sourcecode.swift; path = BodyLabel.swift; sourceTree = "<group>"; };
		662EED8B2B7789A800470192 /* SecondaryTitleLabel.swift */ = {isa = PBXFileReference; lastKnownFileType = sourcecode.swift; path = SecondaryTitleLabel.swift; sourceTree = "<group>"; };
		662EED8E2B778A2100470192 /* CustomButton.swift */ = {isa = PBXFileReference; lastKnownFileType = sourcecode.swift; path = CustomButton.swift; sourceTree = "<group>"; };
		662EED902B778A5300470192 /* ContainerView.swift */ = {isa = PBXFileReference; lastKnownFileType = sourcecode.swift; path = ContainerView.swift; sourceTree = "<group>"; };
		662EED922B778AD200470192 /* UIViewController+Ext.swift */ = {isa = PBXFileReference; lastKnownFileType = sourcecode.swift; path = "UIViewController+Ext.swift"; sourceTree = "<group>"; };
		662EED942B77979400470192 /* MovieInfoView.swift */ = {isa = PBXFileReference; lastKnownFileType = sourcecode.swift; path = MovieInfoView.swift; sourceTree = "<group>"; };
		662EED962B7798C900470192 /* StarRatingView.swift */ = {isa = PBXFileReference; lastKnownFileType = sourcecode.swift; path = StarRatingView.swift; sourceTree = "<group>"; };
		663F6B1C2B62C77000A8B4C6 /* TabBarViewController.swift */ = {isa = PBXFileReference; lastKnownFileType = sourcecode.swift; path = TabBarViewController.swift; sourceTree = "<group>"; };
		6641ADEF2CB3BF290021D7E0 /* AllCategoriesCell.swift */ = {isa = PBXFileReference; lastKnownFileType = sourcecode.swift; path = AllCategoriesCell.swift; sourceTree = "<group>"; };
		6641ADF12CB3C5E60021D7E0 /* XButtonCollectionCell.swift */ = {isa = PBXFileReference; lastKnownFileType = sourcecode.swift; path = XButtonCollectionCell.swift; sourceTree = "<group>"; };
		6641ADF32CB3DD7C0021D7E0 /* SelectCategoryVC.swift */ = {isa = PBXFileReference; lastKnownFileType = sourcecode.swift; path = SelectCategoryVC.swift; sourceTree = "<group>"; };
		6641ADF62CB4186A0021D7E0 /* MovieDetailCategoryController.swift */ = {isa = PBXFileReference; lastKnownFileType = sourcecode.swift; path = MovieDetailCategoryController.swift; sourceTree = "<group>"; };
		6641ADF82CB4189E0021D7E0 /* MenuDetailCollectionViewCell.swift */ = {isa = PBXFileReference; lastKnownFileType = sourcecode.swift; path = MenuDetailCollectionViewCell.swift; sourceTree = "<group>"; };
		6644222D2B85E94D000193DB /* HomeViewModelContracts.swift */ = {isa = PBXFileReference; lastKnownFileType = sourcecode.swift; path = HomeViewModelContracts.swift; sourceTree = "<group>"; };
		664422332B860BBE000193DB /* SeeAllViewModel.swift */ = {isa = PBXFileReference; lastKnownFileType = sourcecode.swift; path = SeeAllViewModel.swift; sourceTree = "<group>"; };
		664422352B860BC9000193DB /* SeeAllViewModelContracts.swift */ = {isa = PBXFileReference; lastKnownFileType = sourcecode.swift; path = SeeAllViewModelContracts.swift; sourceTree = "<group>"; };
		664422372B861A95000193DB /* FavoriteViewModelContracts.swift */ = {isa = PBXFileReference; lastKnownFileType = sourcecode.swift; path = FavoriteViewModelContracts.swift; sourceTree = "<group>"; };
		6647FDD62CAEBE910006DF58 /* VerticalButton.swift */ = {isa = PBXFileReference; lastKnownFileType = sourcecode.swift; path = VerticalButton.swift; sourceTree = "<group>"; };
		6647FDD82CAED4720006DF58 /* AppAppearence.swift */ = {isa = PBXFileReference; lastKnownFileType = sourcecode.swift; path = AppAppearence.swift; sourceTree = "<group>"; };
		6647FDDA2CAED5660006DF58 /* UINavigationBar+Ext.swift */ = {isa = PBXFileReference; lastKnownFileType = sourcecode.swift; path = "UINavigationBar+Ext.swift"; sourceTree = "<group>"; };
		6647FDDD2CAEEBDA0006DF58 /* SeriesModel.swift */ = {isa = PBXFileReference; lastKnownFileType = sourcecode.swift; path = SeriesModel.swift; sourceTree = "<group>"; };
		6647FDEE2CAFE0420006DF58 /* HomeTableViewHeader.swift */ = {isa = PBXFileReference; lastKnownFileType = sourcecode.swift; path = HomeTableViewHeader.swift; sourceTree = "<group>"; };
		6647FDF02CAFF0730006DF58 /* HomeTitleView.swift */ = {isa = PBXFileReference; lastKnownFileType = sourcecode.swift; path = HomeTitleView.swift; sourceTree = "<group>"; };
		6647FDF22CB015010006DF58 /* HomeCategoryButtonCell.swift */ = {isa = PBXFileReference; lastKnownFileType = sourcecode.swift; path = HomeCategoryButtonCell.swift; sourceTree = "<group>"; };
		6647FE032CB01B2C0006DF58 /* SuggestedSearchViewController.swift */ = {isa = PBXFileReference; lastKnownFileType = sourcecode.swift; path = SuggestedSearchViewController.swift; sourceTree = "<group>"; };
		6647FE062CB029360006DF58 /* HorizontalMobileCell.swift */ = {isa = PBXFileReference; lastKnownFileType = sourcecode.swift; path = HorizontalMobileCell.swift; sourceTree = "<group>"; };
		6647FE082CB0298E0006DF58 /* HorizontalMobileCollectionViewCell.swift */ = {isa = PBXFileReference; lastKnownFileType = sourcecode.swift; path = HorizontalMobileCollectionViewCell.swift; sourceTree = "<group>"; };
		6647FE0A2CB02AD50006DF58 /* SuggestedMovieCell.swift */ = {isa = PBXFileReference; lastKnownFileType = sourcecode.swift; path = SuggestedMovieCell.swift; sourceTree = "<group>"; };
		664F3CB52B6118DC009C5E3B /* MetFlix.app */ = {isa = PBXFileReference; explicitFileType = wrapper.application; includeInIndex = 0; path = MetFlix.app; sourceTree = BUILT_PRODUCTS_DIR; };
		664F3CB82B6118DC009C5E3B /* AppDelegate.swift */ = {isa = PBXFileReference; lastKnownFileType = sourcecode.swift; path = AppDelegate.swift; sourceTree = "<group>"; };
		664F3CBA2B6118DC009C5E3B /* SceneDelegate.swift */ = {isa = PBXFileReference; lastKnownFileType = sourcecode.swift; path = SceneDelegate.swift; sourceTree = "<group>"; };
		664F3CBC2B6118DC009C5E3B /* HomeViewController.swift */ = {isa = PBXFileReference; lastKnownFileType = sourcecode.swift; path = HomeViewController.swift; sourceTree = "<group>"; };
		664F3CC12B6118DD009C5E3B /* Assets.xcassets */ = {isa = PBXFileReference; lastKnownFileType = folder.assetcatalog; path = Assets.xcassets; sourceTree = "<group>"; };
		664F3CC42B6118DD009C5E3B /* Base */ = {isa = PBXFileReference; lastKnownFileType = file.storyboard; name = Base; path = Base.lproj/LaunchScreen.storyboard; sourceTree = "<group>"; };
		664F3CC62B6118DD009C5E3B /* Info.plist */ = {isa = PBXFileReference; lastKnownFileType = text.plist.xml; path = Info.plist; sourceTree = "<group>"; };
		664F3CCB2B6118DD009C5E3B /* MetFlixTests.xctest */ = {isa = PBXFileReference; explicitFileType = wrapper.cfbundle; includeInIndex = 0; path = MetFlixTests.xctest; sourceTree = BUILT_PRODUCTS_DIR; };
		664F3CCF2B6118DD009C5E3B /* MetFlixTests.swift */ = {isa = PBXFileReference; lastKnownFileType = sourcecode.swift; path = MetFlixTests.swift; sourceTree = "<group>"; };
		664F3CD52B6118DD009C5E3B /* MetFlixUITests.xctest */ = {isa = PBXFileReference; explicitFileType = wrapper.cfbundle; includeInIndex = 0; path = MetFlixUITests.xctest; sourceTree = BUILT_PRODUCTS_DIR; };
		664F3CD92B6118DD009C5E3B /* MetFlixUITests.swift */ = {isa = PBXFileReference; lastKnownFileType = sourcecode.swift; path = MetFlixUITests.swift; sourceTree = "<group>"; };
		664F3CDB2B6118DD009C5E3B /* MetFlixUITestsLaunchTests.swift */ = {isa = PBXFileReference; lastKnownFileType = sourcecode.swift; path = MetFlixUITestsLaunchTests.swift; sourceTree = "<group>"; };
		665505D02B872F3200391A12 /* MovieDetailViewModelContracts.swift */ = {isa = PBXFileReference; lastKnownFileType = sourcecode.swift; path = MovieDetailViewModelContracts.swift; sourceTree = "<group>"; };
		666560372B80A23900EC0730 /* Header.swift */ = {isa = PBXFileReference; lastKnownFileType = sourcecode.swift; path = Header.swift; sourceTree = "<group>"; };
		666560392B80AD3500EC0730 /* CarouselView.swift */ = {isa = PBXFileReference; lastKnownFileType = sourcecode.swift; path = CarouselView.swift; sourceTree = "<group>"; };
		6665603B2B80BA6300EC0730 /* UICollectionViewFlowLayout + Ext.swift */ = {isa = PBXFileReference; lastKnownFileType = sourcecode.swift; path = "UICollectionViewFlowLayout + Ext.swift"; sourceTree = "<group>"; };
		666729D72B7E12C900B78FC4 /* MovieVideoResponse.swift */ = {isa = PBXFileReference; lastKnownFileType = sourcecode.swift; path = MovieVideoResponse.swift; sourceTree = "<group>"; };
		6694A3612B74D3AF00870B22 /* MovieImagesModel.swift */ = {isa = PBXFileReference; lastKnownFileType = sourcecode.swift; path = MovieImagesModel.swift; sourceTree = "<group>"; };
		669E966A2B7A899700A3EA6F /* FavoriteMovieCell.swift */ = {isa = PBXFileReference; lastKnownFileType = sourcecode.swift; path = FavoriteMovieCell.swift; sourceTree = "<group>"; };
		669E966C2B7A8C7100A3EA6F /* PersistenceManager.swift */ = {isa = PBXFileReference; lastKnownFileType = sourcecode.swift; path = PersistenceManager.swift; sourceTree = "<group>"; };
		66A69DDC2CB52EC300C2D7C7 /* PopAnimator.swift */ = {isa = PBXFileReference; lastKnownFileType = sourcecode.swift; path = PopAnimator.swift; sourceTree = "<group>"; };
		66A69DE62CB54E2300C2D7C7 /* splash.json */ = {isa = PBXFileReference; lastKnownFileType = text.json; path = splash.json; sourceTree = "<group>"; };
		66A69DE82CB550BC00C2D7C7 /* TopRatedCollectionViewCell.swift */ = {isa = PBXFileReference; lastKnownFileType = sourcecode.swift; path = TopRatedCollectionViewCell.swift; sourceTree = "<group>"; };
		66A69DEB2CB555ED00C2D7C7 /* LondrinaSketch.ttf */ = {isa = PBXFileReference; lastKnownFileType = file; path = LondrinaSketch.ttf; sourceTree = "<group>"; };
		66ABE5642B88976800027EC7 /* MovieError.swift */ = {isa = PBXFileReference; lastKnownFileType = sourcecode.swift; path = MovieError.swift; sourceTree = "<group>"; };
		66ABE5662B89CD5A00027EC7 /* HomeViewTest.swift */ = {isa = PBXFileReference; lastKnownFileType = sourcecode.swift; path = HomeViewTest.swift; sourceTree = "<group>"; };
		66B66CD82B7B5C99000849A0 /* SeeAllVC.swift */ = {isa = PBXFileReference; lastKnownFileType = sourcecode.swift; path = SeeAllVC.swift; sourceTree = "<group>"; };
		66B66CDA2B7B5D12000849A0 /* SeeAllCell.swift */ = {isa = PBXFileReference; lastKnownFileType = sourcecode.swift; path = SeeAllCell.swift; sourceTree = "<group>"; };
		66C006932B63A99E0056830B /* MovieDetailVC.swift */ = {isa = PBXFileReference; lastKnownFileType = sourcecode.swift; path = MovieDetailVC.swift; sourceTree = "<group>"; };
		66C006972B63A9E70056830B /* FavoriteViewController.swift */ = {isa = PBXFileReference; lastKnownFileType = sourcecode.swift; path = FavoriteViewController.swift; sourceTree = "<group>"; };
		66C006A92B63BF010056830B /* HomeViewModel.swift */ = {isa = PBXFileReference; lastKnownFileType = sourcecode.swift; path = HomeViewModel.swift; sourceTree = "<group>"; };
		66C006AD2B63BF500056830B /* MovieDetailViewModel.swift */ = {isa = PBXFileReference; lastKnownFileType = sourcecode.swift; path = MovieDetailViewModel.swift; sourceTree = "<group>"; };
		66C006AF2B63BF5A0056830B /* SearchViewModel.swift */ = {isa = PBXFileReference; lastKnownFileType = sourcecode.swift; path = SearchViewModel.swift; sourceTree = "<group>"; };
		66C006B12B63BF640056830B /* FavoriteViewModel.swift */ = {isa = PBXFileReference; lastKnownFileType = sourcecode.swift; path = FavoriteViewModel.swift; sourceTree = "<group>"; };
		66C3EFA22B74F434005F57B7 /* UIImage+Ext.swift */ = {isa = PBXFileReference; lastKnownFileType = sourcecode.swift; path = "UIImage+Ext.swift"; sourceTree = "<group>"; };
		66C3EFAE2B7629D2005F57B7 /* UIView+Ext.swift */ = {isa = PBXFileReference; lastKnownFileType = sourcecode.swift; path = "UIView+Ext.swift"; sourceTree = "<group>"; };
		66C3EFB12B76342B005F57B7 /* CustomUIView.swift */ = {isa = PBXFileReference; lastKnownFileType = sourcecode.swift; path = CustomUIView.swift; sourceTree = "<group>"; };
		66C3EFB32B763538005F57B7 /* CarouselCell.swift */ = {isa = PBXFileReference; lastKnownFileType = sourcecode.swift; path = CarouselCell.swift; sourceTree = "<group>"; };
		66C40B8F2B665CAC00540494 /* Utils.swift */ = {isa = PBXFileReference; lastKnownFileType = sourcecode.swift; path = Utils.swift; sourceTree = "<group>"; };
		66C744932B7F51DA00C86788 /* CollectionViewTableViewCell.swift */ = {isa = PBXFileReference; lastKnownFileType = sourcecode.swift; path = CollectionViewTableViewCell.swift; sourceTree = "<group>"; };
		66C744952B7F52C100C86788 /* CGFloat + Ext.swift */ = {isa = PBXFileReference; lastKnownFileType = sourcecode.swift; path = "CGFloat + Ext.swift"; sourceTree = "<group>"; };
		66C744972B7F539800C86788 /* MovieCollectionViewCell.swift */ = {isa = PBXFileReference; lastKnownFileType = sourcecode.swift; path = MovieCollectionViewCell.swift; sourceTree = "<group>"; };
		66E26A2C2B7CD4A900795400 /* SimilarMovieCell.swift */ = {isa = PBXFileReference; lastKnownFileType = sourcecode.swift; path = SimilarMovieCell.swift; sourceTree = "<group>"; };
		66EB5D6D2B650B3A001ADD72 /* TabBarModel.swift */ = {isa = PBXFileReference; lastKnownFileType = sourcecode.swift; path = TabBarModel.swift; sourceTree = "<group>"; };
		66EB5D772B655049001ADD72 /* MovieModel.swift */ = {isa = PBXFileReference; lastKnownFileType = sourcecode.swift; path = MovieModel.swift; sourceTree = "<group>"; };
		66EB5D7A2B65554B001ADD72 /* MovieService.swift */ = {isa = PBXFileReference; lastKnownFileType = sourcecode.swift; path = MovieService.swift; sourceTree = "<group>"; };
		66EB5D7C2B655554001ADD72 /* MovieStore.swift */ = {isa = PBXFileReference; lastKnownFileType = sourcecode.swift; path = MovieStore.swift; sourceTree = "<group>"; };
		66FEAAB92B8699D100446215 /* SearchViewModelContracts.swift */ = {isa = PBXFileReference; lastKnownFileType = sourcecode.swift; path = SearchViewModelContracts.swift; sourceTree = "<group>"; };
/* End PBXFileReference section */

/* Begin PBXFileSystemSynchronizedRootGroup section */
		6647FCF52CAD8B440006DF58 /* NewAndPopular */ = {isa = PBXFileSystemSynchronizedRootGroup; explicitFileTypes = {}; explicitFolders = (); path = NewAndPopular; sourceTree = "<group>"; };
		6647FDD12CAEA1C30006DF58 /* CategoryController */ = {isa = PBXFileSystemSynchronizedRootGroup; explicitFileTypes = {}; explicitFolders = (); path = CategoryController; sourceTree = "<group>"; };
		667875C02CB5A373003EBB5B /* SelectProfile */ = {isa = PBXFileSystemSynchronizedRootGroup; explicitFileTypes = {}; explicitFolders = (); path = SelectProfile; sourceTree = "<group>"; };
		66A69DDE2CB5473E00C2D7C7 /* Splash */ = {isa = PBXFileSystemSynchronizedRootGroup; explicitFileTypes = {}; explicitFolders = (); path = Splash; sourceTree = "<group>"; };
		66A69DED2CB55ECD00C2D7C7 /* Profile */ = {isa = PBXFileSystemSynchronizedRootGroup; explicitFileTypes = {}; explicitFolders = (); path = Profile; sourceTree = "<group>"; };
/* End PBXFileSystemSynchronizedRootGroup section */

/* Begin PBXFrameworksBuildPhase section */
		664F3CB22B6118DC009C5E3B /* Frameworks */ = {
			isa = PBXFrameworksBuildPhase;
			buildActionMask = 2147483647;
			files = (
				66FEE5C12B87F2F800704E93 /* SDWebImage in Frameworks */,
				660DDBA92B7DFBC300F03FB0 /* SnapKit in Frameworks */,
				66A69DE52CB54DD800C2D7C7 /* Lottie in Frameworks */,
			);
			runOnlyForDeploymentPostprocessing = 0;
		};
		664F3CC82B6118DD009C5E3B /* Frameworks */ = {
			isa = PBXFrameworksBuildPhase;
			buildActionMask = 2147483647;
			files = (
			);
			runOnlyForDeploymentPostprocessing = 0;
		};
		664F3CD22B6118DD009C5E3B /* Frameworks */ = {
			isa = PBXFrameworksBuildPhase;
			buildActionMask = 2147483647;
			files = (
			);
			runOnlyForDeploymentPostprocessing = 0;
		};
/* End PBXFrameworksBuildPhase section */

/* Begin PBXGroup section */
		66249E372CB66E2E005A4A1A /* Theme */ = {
			isa = PBXGroup;
			children = (
				66249E382CB66E38005A4A1A /* ThemeColors.swift */,
			);
			path = Theme;
			sourceTree = "<group>";
		};
		662EED832B77892000470192 /* ViewControllers */ = {
			isa = PBXGroup;
			children = (
				6647FDD12CAEA1C30006DF58 /* CategoryController */,
				662EED842B77893B00470192 /* AlertVC.swift */,
				661853E02B7D7FFA005E0976 /* DataLoadingVC.swift */,
				6641ADF32CB3DD7C0021D7E0 /* SelectCategoryVC.swift */,
			);
			path = ViewControllers;
			sourceTree = "<group>";
		};
		662EED862B77897300470192 /* Labels */ = {
			isa = PBXGroup;
			children = (
				662EED872B77898B00470192 /* TitleLabel.swift */,
				662EED892B77899400470192 /* BodyLabel.swift */,
				662EED8B2B7789A800470192 /* SecondaryTitleLabel.swift */,
			);
			path = Labels;
			sourceTree = "<group>";
		};
		662EED8D2B778A0A00470192 /* Button */ = {
			isa = PBXGroup;
			children = (
				662EED8E2B778A2100470192 /* CustomButton.swift */,
				6647FDD62CAEBE910006DF58 /* VerticalButton.swift */,
			);
			path = Button;
			sourceTree = "<group>";
		};
		663F6B162B62BE4F00A8B4C6 /* Home */ = {
			isa = PBXGroup;
			children = (
				66C744922B7F51C200C86788 /* Cell */,
				664F3CBC2B6118DC009C5E3B /* HomeViewController.swift */,
				66C006A92B63BF010056830B /* HomeViewModel.swift */,
				6644222D2B85E94D000193DB /* HomeViewModelContracts.swift */,
			);
			path = Home;
			sourceTree = "<group>";
		};
		663F6B172B62BE5700A8B4C6 /* TabBar */ = {
			isa = PBXGroup;
			children = (
				66EB5D6C2B650B2C001ADD72 /* Model */,
				663F6B1C2B62C77000A8B4C6 /* TabBarViewController.swift */,
			);
			path = TabBar;
			sourceTree = "<group>";
		};
		663F6B192B62BE7D00A8B4C6 /* MovieDetail */ = {
			isa = PBXGroup;
			children = (
				6641ADF52CB4184C0021D7E0 /* Cell */,
				66C006AD2B63BF500056830B /* MovieDetailViewModel.swift */,
				66C006932B63A99E0056830B /* MovieDetailVC.swift */,
				665505D02B872F3200391A12 /* MovieDetailViewModelContracts.swift */,
			);
			path = MovieDetail;
			sourceTree = "<group>";
		};
		663F6B1A2B62C4AE00A8B4C6 /* Search */ = {
			isa = PBXGroup;
			children = (
				6647FE052CB0291B0006DF58 /* Cell */,
				66C006AF2B63BF5A0056830B /* SearchViewModel.swift */,
				66FEAAB92B8699D100446215 /* SearchViewModelContracts.swift */,
				6647FE032CB01B2C0006DF58 /* SuggestedSearchViewController.swift */,
			);
			path = Search;
			sourceTree = "<group>";
		};
		663F6B1B2B62C52200A8B4C6 /* Favorite */ = {
			isa = PBXGroup;
			children = (
				66C006972B63A9E70056830B /* FavoriteViewController.swift */,
				66C006B12B63BF640056830B /* FavoriteViewModel.swift */,
				664422372B861A95000193DB /* FavoriteViewModelContracts.swift */,
			);
			path = Favorite;
			sourceTree = "<group>";
		};
		6641ADF52CB4184C0021D7E0 /* Cell */ = {
			isa = PBXGroup;
			children = (
				6641ADF62CB4186A0021D7E0 /* MovieDetailCategoryController.swift */,
				6641ADF82CB4189E0021D7E0 /* MenuDetailCollectionViewCell.swift */,
			);
			path = Cell;
			sourceTree = "<group>";
		};
		6647FE052CB0291B0006DF58 /* Cell */ = {
			isa = PBXGroup;
			children = (
				6647FE062CB029360006DF58 /* HorizontalMobileCell.swift */,
				6647FE082CB0298E0006DF58 /* HorizontalMobileCollectionViewCell.swift */,
				6647FE0A2CB02AD50006DF58 /* SuggestedMovieCell.swift */,
			);
			path = Cell;
			sourceTree = "<group>";
		};
		664F3CAC2B6118DB009C5E3B = {
			isa = PBXGroup;
			children = (
				664F3CB72B6118DC009C5E3B /* MetFlix */,
				664F3CCE2B6118DD009C5E3B /* MetFlixTests */,
				664F3CD82B6118DD009C5E3B /* MetFlixUITests */,
				664F3CB62B6118DC009C5E3B /* Products */,
			);
			sourceTree = "<group>";
		};
		664F3CB62B6118DC009C5E3B /* Products */ = {
			isa = PBXGroup;
			children = (
				664F3CB52B6118DC009C5E3B /* MetFlix.app */,
				664F3CCB2B6118DD009C5E3B /* MetFlixTests.xctest */,
				664F3CD52B6118DD009C5E3B /* MetFlixUITests.xctest */,
			);
			name = Products;
			sourceTree = "<group>";
		};
		664F3CB72B6118DC009C5E3B /* MetFlix */ = {
			isa = PBXGroup;
			children = (
				66249E372CB66E2E005A4A1A /* Theme */,
				66EB5D792B65553E001ADD72 /* Services */,
				664F3CEC2B611969009C5E3B /* Model */,
				664F3CEB2B611961009C5E3B /* Extensions */,
				664F3CEA2B61195A009C5E3B /* Utils */,
				664F3CE92B61191F009C5E3B /* App */,
				6694A35C2B74CD0F00870B22 /* CustomViews */,
				664F3CE82B611911009C5E3B /* Features */,
				664F3CC62B6118DD009C5E3B /* Info.plist */,
				66A69DE62CB54E2300C2D7C7 /* splash.json */,
			);
			path = MetFlix;
			sourceTree = "<group>";
		};
		664F3CCE2B6118DD009C5E3B /* MetFlixTests */ = {
			isa = PBXGroup;
			children = (
				664F3CCF2B6118DD009C5E3B /* MetFlixTests.swift */,
				66ABE5662B89CD5A00027EC7 /* HomeViewTest.swift */,
			);
			path = MetFlixTests;
			sourceTree = "<group>";
		};
		664F3CD82B6118DD009C5E3B /* MetFlixUITests */ = {
			isa = PBXGroup;
			children = (
				664F3CD92B6118DD009C5E3B /* MetFlixUITests.swift */,
				664F3CDB2B6118DD009C5E3B /* MetFlixUITestsLaunchTests.swift */,
			);
			path = MetFlixUITests;
			sourceTree = "<group>";
		};
		664F3CE82B611911009C5E3B /* Features */ = {
			isa = PBXGroup;
			children = (
				667875C02CB5A373003EBB5B /* SelectProfile */,
				66A69DED2CB55ECD00C2D7C7 /* Profile */,
				66A69DDE2CB5473E00C2D7C7 /* Splash */,
				6647FCF52CAD8B440006DF58 /* NewAndPopular */,
				669E96702B7A99BA00A3EA6F /* SeeAll */,
				663F6B1B2B62C52200A8B4C6 /* Favorite */,
				663F6B1A2B62C4AE00A8B4C6 /* Search */,
				663F6B192B62BE7D00A8B4C6 /* MovieDetail */,
				663F6B172B62BE5700A8B4C6 /* TabBar */,
				663F6B162B62BE4F00A8B4C6 /* Home */,
			);
			path = Features;
			sourceTree = "<group>";
		};
		664F3CE92B61191F009C5E3B /* App */ = {
			isa = PBXGroup;
			children = (
				664F3CC12B6118DD009C5E3B /* Assets.xcassets */,
				664F3CC32B6118DD009C5E3B /* LaunchScreen.storyboard */,
				664F3CB82B6118DC009C5E3B /* AppDelegate.swift */,
				664F3CBA2B6118DC009C5E3B /* SceneDelegate.swift */,
			);
			path = App;
			sourceTree = "<group>";
		};
		664F3CEA2B61195A009C5E3B /* Utils */ = {
			isa = PBXGroup;
			children = (
				66A69DEA2CB555E100C2D7C7 /* Font */,
				66C40B8F2B665CAC00540494 /* Utils.swift */,
				661937962B7ABB0A00EFCC48 /* UIHelper.swift */,
				661853E42B7D8044005E0976 /* Constants.swift */,
				66ABE5642B88976800027EC7 /* MovieError.swift */,
				6647FDD82CAED4720006DF58 /* AppAppearence.swift */,
				66A69DDC2CB52EC300C2D7C7 /* PopAnimator.swift */,
			);
			path = Utils;
			sourceTree = "<group>";
		};
		664F3CEB2B611961009C5E3B /* Extensions */ = {
			isa = PBXGroup;
			children = (
				66C3EFA22B74F434005F57B7 /* UIImage+Ext.swift */,
				66C3EFAE2B7629D2005F57B7 /* UIView+Ext.swift */,
				662EED922B778AD200470192 /* UIViewController+Ext.swift */,
				66C744952B7F52C100C86788 /* CGFloat + Ext.swift */,
				6665603B2B80BA6300EC0730 /* UICollectionViewFlowLayout + Ext.swift */,
				6647FDDA2CAED5660006DF58 /* UINavigationBar+Ext.swift */,
			);
			path = Extensions;
			sourceTree = "<group>";
		};
		664F3CEC2B611969009C5E3B /* Model */ = {
			isa = PBXGroup;
			children = (
				66EB5D772B655049001ADD72 /* MovieModel.swift */,
				6694A3612B74D3AF00870B22 /* MovieImagesModel.swift */,
				666729D72B7E12C900B78FC4 /* MovieVideoResponse.swift */,
				6647FDDD2CAEEBDA0006DF58 /* SeriesModel.swift */,
			);
			path = Model;
			sourceTree = "<group>";
		};
		6694A35C2B74CD0F00870B22 /* CustomViews */ = {
			isa = PBXGroup;
			children = (
				662EED8D2B778A0A00470192 /* Button */,
				662EED862B77897300470192 /* Labels */,
				662EED832B77892000470192 /* ViewControllers */,
				66C3EFB02B7633FC005F57B7 /* Views */,
				6694A35D2B74CD2900870B22 /* Cells */,
			);
			path = CustomViews;
			sourceTree = "<group>";
		};
		6694A35D2B74CD2900870B22 /* Cells */ = {
			isa = PBXGroup;
			children = (
				66C3EFB32B763538005F57B7 /* CarouselCell.swift */,
				669E966A2B7A899700A3EA6F /* FavoriteMovieCell.swift */,
				66B66CDA2B7B5D12000849A0 /* SeeAllCell.swift */,
				66E26A2C2B7CD4A900795400 /* SimilarMovieCell.swift */,
			);
			path = Cells;
			sourceTree = "<group>";
		};
		669E96702B7A99BA00A3EA6F /* SeeAll */ = {
			isa = PBXGroup;
			children = (
				66B66CD82B7B5C99000849A0 /* SeeAllVC.swift */,
				664422332B860BBE000193DB /* SeeAllViewModel.swift */,
				664422352B860BC9000193DB /* SeeAllViewModelContracts.swift */,
			);
			path = SeeAll;
			sourceTree = "<group>";
		};
		66A69DEA2CB555E100C2D7C7 /* Font */ = {
			isa = PBXGroup;
			children = (
				66A69DEB2CB555ED00C2D7C7 /* LondrinaSketch.ttf */,
			);
			path = Font;
			sourceTree = "<group>";
		};
		66C3EFB02B7633FC005F57B7 /* Views */ = {
			isa = PBXGroup;
			children = (
				66C3EFB12B76342B005F57B7 /* CustomUIView.swift */,
				662EED902B778A5300470192 /* ContainerView.swift */,
				662EED942B77979400470192 /* MovieInfoView.swift */,
				662EED962B7798C900470192 /* StarRatingView.swift */,
				661853E22B7D8020005E0976 /* EmptyStateView.swift */,
				666560372B80A23900EC0730 /* Header.swift */,
				666560392B80AD3500EC0730 /* CarouselView.swift */,
				6647FDEE2CAFE0420006DF58 /* HomeTableViewHeader.swift */,
				6647FDF02CAFF0730006DF58 /* HomeTitleView.swift */,
			);
			path = Views;
			sourceTree = "<group>";
		};
		66C744922B7F51C200C86788 /* Cell */ = {
			isa = PBXGroup;
			children = (
				66C744932B7F51DA00C86788 /* CollectionViewTableViewCell.swift */,
				66C744972B7F539800C86788 /* MovieCollectionViewCell.swift */,
				6647FDF22CB015010006DF58 /* HomeCategoryButtonCell.swift */,
				6641ADEF2CB3BF290021D7E0 /* AllCategoriesCell.swift */,
				6641ADF12CB3C5E60021D7E0 /* XButtonCollectionCell.swift */,
				66A69DE82CB550BC00C2D7C7 /* TopRatedCollectionViewCell.swift */,
			);
			path = Cell;
			sourceTree = "<group>";
		};
		66EB5D6C2B650B2C001ADD72 /* Model */ = {
			isa = PBXGroup;
			children = (
				66EB5D6D2B650B3A001ADD72 /* TabBarModel.swift */,
			);
			path = Model;
			sourceTree = "<group>";
		};
		66EB5D792B65553E001ADD72 /* Services */ = {
			isa = PBXGroup;
			children = (
				66EB5D7A2B65554B001ADD72 /* MovieService.swift */,
				66EB5D7C2B655554001ADD72 /* MovieStore.swift */,
				669E966C2B7A8C7100A3EA6F /* PersistenceManager.swift */,
			);
			path = Services;
			sourceTree = "<group>";
		};
/* End PBXGroup section */

/* Begin PBXNativeTarget section */
		664F3CB42B6118DC009C5E3B /* MetFlix */ = {
			isa = PBXNativeTarget;
			buildConfigurationList = 664F3CDF2B6118DD009C5E3B /* Build configuration list for PBXNativeTarget "MetFlix" */;
			buildPhases = (
				664F3CB12B6118DC009C5E3B /* Sources */,
				664F3CB22B6118DC009C5E3B /* Frameworks */,
				664F3CB32B6118DC009C5E3B /* Resources */,
			);
			buildRules = (
			);
			dependencies = (
			);
			fileSystemSynchronizedGroups = (
				6647FCF52CAD8B440006DF58 /* NewAndPopular */,
				6647FDD12CAEA1C30006DF58 /* CategoryController */,
				667875C02CB5A373003EBB5B /* SelectProfile */,
				66A69DDE2CB5473E00C2D7C7 /* Splash */,
				66A69DED2CB55ECD00C2D7C7 /* Profile */,
			);
			name = MetFlix;
			packageProductDependencies = (
				660DDBA82B7DFBC300F03FB0 /* SnapKit */,
				66FEE5C02B87F2F800704E93 /* SDWebImage */,
				66A69DE42CB54DD800C2D7C7 /* Lottie */,
			);
			productName = MetFlix;
			productReference = 664F3CB52B6118DC009C5E3B /* MetFlix.app */;
			productType = "com.apple.product-type.application";
		};
		664F3CCA2B6118DD009C5E3B /* MetFlixTests */ = {
			isa = PBXNativeTarget;
			buildConfigurationList = 664F3CE22B6118DD009C5E3B /* Build configuration list for PBXNativeTarget "MetFlixTests" */;
			buildPhases = (
				664F3CC72B6118DD009C5E3B /* Sources */,
				664F3CC82B6118DD009C5E3B /* Frameworks */,
				664F3CC92B6118DD009C5E3B /* Resources */,
			);
			buildRules = (
			);
			dependencies = (
				664F3CCD2B6118DD009C5E3B /* PBXTargetDependency */,
			);
			name = MetFlixTests;
			productName = MetFlixTests;
			productReference = 664F3CCB2B6118DD009C5E3B /* MetFlixTests.xctest */;
			productType = "com.apple.product-type.bundle.unit-test";
		};
		664F3CD42B6118DD009C5E3B /* MetFlixUITests */ = {
			isa = PBXNativeTarget;
			buildConfigurationList = 664F3CE52B6118DD009C5E3B /* Build configuration list for PBXNativeTarget "MetFlixUITests" */;
			buildPhases = (
				664F3CD12B6118DD009C5E3B /* Sources */,
				664F3CD22B6118DD009C5E3B /* Frameworks */,
				664F3CD32B6118DD009C5E3B /* Resources */,
			);
			buildRules = (
			);
			dependencies = (
				664F3CD72B6118DD009C5E3B /* PBXTargetDependency */,
			);
			name = MetFlixUITests;
			productName = MetFlixUITests;
			productReference = 664F3CD52B6118DD009C5E3B /* MetFlixUITests.xctest */;
			productType = "com.apple.product-type.bundle.ui-testing";
		};
/* End PBXNativeTarget section */

/* Begin PBXProject section */
		664F3CAD2B6118DB009C5E3B /* Project object */ = {
			isa = PBXProject;
			attributes = {
				BuildIndependentTargetsInParallel = 1;
				LastSwiftUpdateCheck = 1520;
				LastUpgradeCheck = 1520;
				TargetAttributes = {
					664F3CB42B6118DC009C5E3B = {
						CreatedOnToolsVersion = 15.2;
					};
					664F3CCA2B6118DD009C5E3B = {
						CreatedOnToolsVersion = 15.2;
						TestTargetID = 664F3CB42B6118DC009C5E3B;
					};
					664F3CD42B6118DD009C5E3B = {
						CreatedOnToolsVersion = 15.2;
						TestTargetID = 664F3CB42B6118DC009C5E3B;
					};
				};
			};
			buildConfigurationList = 664F3CB02B6118DB009C5E3B /* Build configuration list for PBXProject "MetFlix" */;
			compatibilityVersion = "Xcode 14.0";
			developmentRegion = en;
			hasScannedForEncodings = 0;
			knownRegions = (
				en,
				Base,
			);
			mainGroup = 664F3CAC2B6118DB009C5E3B;
			packageReferences = (
				667BB7452B7D83060027B2CB /* XCRemoteSwiftPackageReference "SnapKit" */,
				66FEE5BF2B87F2F800704E93 /* XCRemoteSwiftPackageReference "SDWebImage" */,
				66A69DE32CB54DD800C2D7C7 /* XCRemoteSwiftPackageReference "lottie-ios" */,
			);
			productRefGroup = 664F3CB62B6118DC009C5E3B /* Products */;
			projectDirPath = "";
			projectRoot = "";
			targets = (
				664F3CB42B6118DC009C5E3B /* MetFlix */,
				664F3CCA2B6118DD009C5E3B /* MetFlixTests */,
				664F3CD42B6118DD009C5E3B /* MetFlixUITests */,
			);
		};
/* End PBXProject section */

/* Begin PBXResourcesBuildPhase section */
		664F3CB32B6118DC009C5E3B /* Resources */ = {
			isa = PBXResourcesBuildPhase;
			buildActionMask = 2147483647;
			files = (
				664F3CC52B6118DD009C5E3B /* LaunchScreen.storyboard in Resources */,
				66A69DE72CB54E2300C2D7C7 /* splash.json in Resources */,
				66A69DEC2CB555ED00C2D7C7 /* LondrinaSketch.ttf in Resources */,
				664F3CC22B6118DD009C5E3B /* Assets.xcassets in Resources */,
			);
			runOnlyForDeploymentPostprocessing = 0;
		};
		664F3CC92B6118DD009C5E3B /* Resources */ = {
			isa = PBXResourcesBuildPhase;
			buildActionMask = 2147483647;
			files = (
			);
			runOnlyForDeploymentPostprocessing = 0;
		};
		664F3CD32B6118DD009C5E3B /* Resources */ = {
			isa = PBXResourcesBuildPhase;
			buildActionMask = 2147483647;
			files = (
			);
			runOnlyForDeploymentPostprocessing = 0;
		};
/* End PBXResourcesBuildPhase section */

/* Begin PBXSourcesBuildPhase section */
		664F3CB12B6118DC009C5E3B /* Sources */ = {
			isa = PBXSourcesBuildPhase;
			buildActionMask = 2147483647;
			files = (
				66EB5D782B655049001ADD72 /* MovieModel.swift in Sources */,
				663F6B1D2B62C77000A8B4C6 /* TabBarViewController.swift in Sources */,
				66C006AA2B63BF010056830B /* HomeViewModel.swift in Sources */,
				664422382B861A95000193DB /* FavoriteViewModelContracts.swift in Sources */,
				6647FDEF2CAFE0420006DF58 /* HomeTableViewHeader.swift in Sources */,
				6647FDF12CAFF0730006DF58 /* HomeTitleView.swift in Sources */,
				66C3EFB42B763538005F57B7 /* CarouselCell.swift in Sources */,
				66EB5D7D2B655554001ADD72 /* MovieStore.swift in Sources */,
				661853E32B7D8020005E0976 /* EmptyStateView.swift in Sources */,
				6647FDDE2CAEEBDA0006DF58 /* SeriesModel.swift in Sources */,
				6647FE072CB029360006DF58 /* HorizontalMobileCell.swift in Sources */,
				662EED972B7798C900470192 /* StarRatingView.swift in Sources */,
				6647FE0B2CB02AD50006DF58 /* SuggestedMovieCell.swift in Sources */,
				6665603C2B80BA6300EC0730 /* UICollectionViewFlowLayout + Ext.swift in Sources */,
				66C3EFB22B76342B005F57B7 /* CustomUIView.swift in Sources */,
				666560382B80A23900EC0730 /* Header.swift in Sources */,
				664F3CBD2B6118DC009C5E3B /* HomeViewController.swift in Sources */,
				66ABE5652B88976800027EC7 /* MovieError.swift in Sources */,
				664F3CB92B6118DC009C5E3B /* AppDelegate.swift in Sources */,
				6641ADF42CB3DD7C0021D7E0 /* SelectCategoryVC.swift in Sources */,
				6641ADF02CB3BF290021D7E0 /* AllCategoriesCell.swift in Sources */,
				66C744982B7F539800C86788 /* MovieCollectionViewCell.swift in Sources */,
				669E966D2B7A8C7100A3EA6F /* PersistenceManager.swift in Sources */,
				66EB5D6E2B650B3A001ADD72 /* TabBarModel.swift in Sources */,
				6644222E2B85E94D000193DB /* HomeViewModelContracts.swift in Sources */,
				6647FE042CB01B2C0006DF58 /* SuggestedSearchViewController.swift in Sources */,
				6694A3622B74D3AF00870B22 /* MovieImagesModel.swift in Sources */,
				664422362B860BC9000193DB /* SeeAllViewModelContracts.swift in Sources */,
				6647FDF32CB015010006DF58 /* HomeCategoryButtonCell.swift in Sources */,
				662EED852B77893B00470192 /* AlertVC.swift in Sources */,
				6647FDDB2CAED5660006DF58 /* UINavigationBar+Ext.swift in Sources */,
				6641ADF92CB4189E0021D7E0 /* MenuDetailCollectionViewCell.swift in Sources */,
				662EED8A2B77899400470192 /* BodyLabel.swift in Sources */,
				6641ADF72CB4186A0021D7E0 /* MovieDetailCategoryController.swift in Sources */,
				66C006B02B63BF5A0056830B /* SearchViewModel.swift in Sources */,
				66C006AE2B63BF500056830B /* MovieDetailViewModel.swift in Sources */,
				66EB5D7B2B65554B001ADD72 /* MovieService.swift in Sources */,
				664422342B860BBE000193DB /* SeeAllViewModel.swift in Sources */,
				669E966B2B7A899700A3EA6F /* FavoriteMovieCell.swift in Sources */,
				66A69DDD2CB52EC300C2D7C7 /* PopAnimator.swift in Sources */,
				66FEAABA2B8699D100446215 /* SearchViewModelContracts.swift in Sources */,
				66C744942B7F51DA00C86788 /* CollectionViewTableViewCell.swift in Sources */,
				661937972B7ABB0A00EFCC48 /* UIHelper.swift in Sources */,
				66B66CD92B7B5C99000849A0 /* SeeAllVC.swift in Sources */,
				662EED912B778A5300470192 /* ContainerView.swift in Sources */,
				6647FDD72CAEBE910006DF58 /* VerticalButton.swift in Sources */,
				66A69DE92CB550BC00C2D7C7 /* TopRatedCollectionViewCell.swift in Sources */,
				662EED8C2B7789A800470192 /* SecondaryTitleLabel.swift in Sources */,
				66C006942B63A99E0056830B /* MovieDetailVC.swift in Sources */,
				6665603A2B80AD3500EC0730 /* CarouselView.swift in Sources */,
				66E26A2D2B7CD4A900795400 /* SimilarMovieCell.swift in Sources */,
				662EED8F2B778A2100470192 /* CustomButton.swift in Sources */,
				66249E392CB66E38005A4A1A /* ThemeColors.swift in Sources */,
				6641ADF22CB3C5E60021D7E0 /* XButtonCollectionCell.swift in Sources */,
				66C006982B63A9E70056830B /* FavoriteViewController.swift in Sources */,
				66C3EFAF2B7629D2005F57B7 /* UIView+Ext.swift in Sources */,
				665505D12B872F3200391A12 /* MovieDetailViewModelContracts.swift in Sources */,
				66C3EFA32B74F434005F57B7 /* UIImage+Ext.swift in Sources */,
				66B66CDB2B7B5D12000849A0 /* SeeAllCell.swift in Sources */,
				66C40B902B665CAC00540494 /* Utils.swift in Sources */,
				662EED952B77979400470192 /* MovieInfoView.swift in Sources */,
				661853E12B7D7FFA005E0976 /* DataLoadingVC.swift in Sources */,
				6647FDD92CAED4720006DF58 /* AppAppearence.swift in Sources */,
				6647FE092CB0298E0006DF58 /* HorizontalMobileCollectionViewCell.swift in Sources */,
				662EED932B778AD200470192 /* UIViewController+Ext.swift in Sources */,
				664F3CBB2B6118DC009C5E3B /* SceneDelegate.swift in Sources */,
				66C006B22B63BF640056830B /* FavoriteViewModel.swift in Sources */,
				66C744962B7F52C100C86788 /* CGFloat + Ext.swift in Sources */,
				662EED882B77898B00470192 /* TitleLabel.swift in Sources */,
				666729D82B7E12C900B78FC4 /* MovieVideoResponse.swift in Sources */,
				661853E52B7D8044005E0976 /* Constants.swift in Sources */,
			);
			runOnlyForDeploymentPostprocessing = 0;
		};
		664F3CC72B6118DD009C5E3B /* Sources */ = {
			isa = PBXSourcesBuildPhase;
			buildActionMask = 2147483647;
			files = (
				664F3CD02B6118DD009C5E3B /* MetFlixTests.swift in Sources */,
				66ABE5672B89CD5A00027EC7 /* HomeViewTest.swift in Sources */,
			);
			runOnlyForDeploymentPostprocessing = 0;
		};
		664F3CD12B6118DD009C5E3B /* Sources */ = {
			isa = PBXSourcesBuildPhase;
			buildActionMask = 2147483647;
			files = (
				664F3CDC2B6118DD009C5E3B /* MetFlixUITestsLaunchTests.swift in Sources */,
				664F3CDA2B6118DD009C5E3B /* MetFlixUITests.swift in Sources */,
			);
			runOnlyForDeploymentPostprocessing = 0;
		};
/* End PBXSourcesBuildPhase section */

/* Begin PBXTargetDependency section */
		664F3CCD2B6118DD009C5E3B /* PBXTargetDependency */ = {
			isa = PBXTargetDependency;
			target = 664F3CB42B6118DC009C5E3B /* MetFlix */;
			targetProxy = 664F3CCC2B6118DD009C5E3B /* PBXContainerItemProxy */;
		};
		664F3CD72B6118DD009C5E3B /* PBXTargetDependency */ = {
			isa = PBXTargetDependency;
			target = 664F3CB42B6118DC009C5E3B /* MetFlix */;
			targetProxy = 664F3CD62B6118DD009C5E3B /* PBXContainerItemProxy */;
		};
/* End PBXTargetDependency section */

/* Begin PBXVariantGroup section */
		664F3CC32B6118DD009C5E3B /* LaunchScreen.storyboard */ = {
			isa = PBXVariantGroup;
			children = (
				664F3CC42B6118DD009C5E3B /* Base */,
			);
			name = LaunchScreen.storyboard;
			sourceTree = "<group>";
		};
/* End PBXVariantGroup section */

/* Begin XCBuildConfiguration section */
		664F3CDD2B6118DD009C5E3B /* Debug */ = {
			isa = XCBuildConfiguration;
			buildSettings = {
				ALWAYS_SEARCH_USER_PATHS = NO;
				ASSETCATALOG_COMPILER_GENERATE_SWIFT_ASSET_SYMBOL_EXTENSIONS = YES;
				CLANG_ANALYZER_NONNULL = YES;
				CLANG_ANALYZER_NUMBER_OBJECT_CONVERSION = YES_AGGRESSIVE;
				CLANG_CXX_LANGUAGE_STANDARD = "gnu++20";
				CLANG_ENABLE_MODULES = YES;
				CLANG_ENABLE_OBJC_ARC = YES;
				CLANG_ENABLE_OBJC_WEAK = YES;
				CLANG_WARN_BLOCK_CAPTURE_AUTORELEASING = YES;
				CLANG_WARN_BOOL_CONVERSION = YES;
				CLANG_WARN_COMMA = YES;
				CLANG_WARN_CONSTANT_CONVERSION = YES;
				CLANG_WARN_DEPRECATED_OBJC_IMPLEMENTATIONS = YES;
				CLANG_WARN_DIRECT_OBJC_ISA_USAGE = YES_ERROR;
				CLANG_WARN_DOCUMENTATION_COMMENTS = YES;
				CLANG_WARN_EMPTY_BODY = YES;
				CLANG_WARN_ENUM_CONVERSION = YES;
				CLANG_WARN_INFINITE_RECURSION = YES;
				CLANG_WARN_INT_CONVERSION = YES;
				CLANG_WARN_NON_LITERAL_NULL_CONVERSION = YES;
				CLANG_WARN_OBJC_IMPLICIT_RETAIN_SELF = YES;
				CLANG_WARN_OBJC_LITERAL_CONVERSION = YES;
				CLANG_WARN_OBJC_ROOT_CLASS = YES_ERROR;
				CLANG_WARN_QUOTED_INCLUDE_IN_FRAMEWORK_HEADER = YES;
				CLANG_WARN_RANGE_LOOP_ANALYSIS = YES;
				CLANG_WARN_STRICT_PROTOTYPES = YES;
				CLANG_WARN_SUSPICIOUS_MOVE = YES;
				CLANG_WARN_UNGUARDED_AVAILABILITY = YES_AGGRESSIVE;
				CLANG_WARN_UNREACHABLE_CODE = YES;
				CLANG_WARN__DUPLICATE_METHOD_MATCH = YES;
				COPY_PHASE_STRIP = NO;
				DEBUG_INFORMATION_FORMAT = dwarf;
				ENABLE_STRICT_OBJC_MSGSEND = YES;
				ENABLE_TESTABILITY = YES;
				ENABLE_USER_SCRIPT_SANDBOXING = YES;
				GCC_C_LANGUAGE_STANDARD = gnu17;
				GCC_DYNAMIC_NO_PIC = NO;
				GCC_NO_COMMON_BLOCKS = YES;
				GCC_OPTIMIZATION_LEVEL = 0;
				GCC_PREPROCESSOR_DEFINITIONS = (
					"DEBUG=1",
					"$(inherited)",
				);
				GCC_WARN_64_TO_32_BIT_CONVERSION = YES;
				GCC_WARN_ABOUT_RETURN_TYPE = YES_ERROR;
				GCC_WARN_UNDECLARED_SELECTOR = YES;
				GCC_WARN_UNINITIALIZED_AUTOS = YES_AGGRESSIVE;
				GCC_WARN_UNUSED_FUNCTION = YES;
				GCC_WARN_UNUSED_VARIABLE = YES;
				IPHONEOS_DEPLOYMENT_TARGET = 17.2;
				LOCALIZATION_PREFERS_STRING_CATALOGS = YES;
				MTL_ENABLE_DEBUG_INFO = INCLUDE_SOURCE;
				MTL_FAST_MATH = YES;
				ONLY_ACTIVE_ARCH = YES;
				SDKROOT = iphoneos;
				SWIFT_ACTIVE_COMPILATION_CONDITIONS = "DEBUG $(inherited)";
				SWIFT_OPTIMIZATION_LEVEL = "-Onone";
			};
			name = Debug;
		};
		664F3CDE2B6118DD009C5E3B /* Release */ = {
			isa = XCBuildConfiguration;
			buildSettings = {
				ALWAYS_SEARCH_USER_PATHS = NO;
				ASSETCATALOG_COMPILER_GENERATE_SWIFT_ASSET_SYMBOL_EXTENSIONS = YES;
				CLANG_ANALYZER_NONNULL = YES;
				CLANG_ANALYZER_NUMBER_OBJECT_CONVERSION = YES_AGGRESSIVE;
				CLANG_CXX_LANGUAGE_STANDARD = "gnu++20";
				CLANG_ENABLE_MODULES = YES;
				CLANG_ENABLE_OBJC_ARC = YES;
				CLANG_ENABLE_OBJC_WEAK = YES;
				CLANG_WARN_BLOCK_CAPTURE_AUTORELEASING = YES;
				CLANG_WARN_BOOL_CONVERSION = YES;
				CLANG_WARN_COMMA = YES;
				CLANG_WARN_CONSTANT_CONVERSION = YES;
				CLANG_WARN_DEPRECATED_OBJC_IMPLEMENTATIONS = YES;
				CLANG_WARN_DIRECT_OBJC_ISA_USAGE = YES_ERROR;
				CLANG_WARN_DOCUMENTATION_COMMENTS = YES;
				CLANG_WARN_EMPTY_BODY = YES;
				CLANG_WARN_ENUM_CONVERSION = YES;
				CLANG_WARN_INFINITE_RECURSION = YES;
				CLANG_WARN_INT_CONVERSION = YES;
				CLANG_WARN_NON_LITERAL_NULL_CONVERSION = YES;
				CLANG_WARN_OBJC_IMPLICIT_RETAIN_SELF = YES;
				CLANG_WARN_OBJC_LITERAL_CONVERSION = YES;
				CLANG_WARN_OBJC_ROOT_CLASS = YES_ERROR;
				CLANG_WARN_QUOTED_INCLUDE_IN_FRAMEWORK_HEADER = YES;
				CLANG_WARN_RANGE_LOOP_ANALYSIS = YES;
				CLANG_WARN_STRICT_PROTOTYPES = YES;
				CLANG_WARN_SUSPICIOUS_MOVE = YES;
				CLANG_WARN_UNGUARDED_AVAILABILITY = YES_AGGRESSIVE;
				CLANG_WARN_UNREACHABLE_CODE = YES;
				CLANG_WARN__DUPLICATE_METHOD_MATCH = YES;
				COPY_PHASE_STRIP = NO;
				DEBUG_INFORMATION_FORMAT = "dwarf-with-dsym";
				ENABLE_NS_ASSERTIONS = NO;
				ENABLE_STRICT_OBJC_MSGSEND = YES;
				ENABLE_USER_SCRIPT_SANDBOXING = YES;
				GCC_C_LANGUAGE_STANDARD = gnu17;
				GCC_NO_COMMON_BLOCKS = YES;
				GCC_WARN_64_TO_32_BIT_CONVERSION = YES;
				GCC_WARN_ABOUT_RETURN_TYPE = YES_ERROR;
				GCC_WARN_UNDECLARED_SELECTOR = YES;
				GCC_WARN_UNINITIALIZED_AUTOS = YES_AGGRESSIVE;
				GCC_WARN_UNUSED_FUNCTION = YES;
				GCC_WARN_UNUSED_VARIABLE = YES;
				IPHONEOS_DEPLOYMENT_TARGET = 17.2;
				LOCALIZATION_PREFERS_STRING_CATALOGS = YES;
				MTL_ENABLE_DEBUG_INFO = NO;
				MTL_FAST_MATH = YES;
				SDKROOT = iphoneos;
				SWIFT_COMPILATION_MODE = wholemodule;
				VALIDATE_PRODUCT = YES;
			};
			name = Release;
		};
		664F3CE02B6118DD009C5E3B /* Debug */ = {
			isa = XCBuildConfiguration;
			buildSettings = {
				ASSETCATALOG_COMPILER_APPICON_NAME = AppIcon;
				ASSETCATALOG_COMPILER_GLOBAL_ACCENT_COLOR_NAME = AccentColor;
				CODE_SIGN_STYLE = Automatic;
				CURRENT_PROJECT_VERSION = 1;
				DEVELOPMENT_TEAM = UZH69S3QN2;
				GENERATE_INFOPLIST_FILE = YES;
				INFOPLIST_FILE = MetFlix/Info.plist;
				INFOPLIST_KEY_LSApplicationCategoryType = "public.app-category.entertainment";
				INFOPLIST_KEY_UIApplicationSupportsIndirectInputEvents = YES;
				INFOPLIST_KEY_UILaunchStoryboardName = "";
				INFOPLIST_KEY_UIRequiresFullScreen = YES;
				INFOPLIST_KEY_UISupportedInterfaceOrientations = UIInterfaceOrientationPortrait;
				INFOPLIST_KEY_UISupportedInterfaceOrientations_iPad = "UIInterfaceOrientationLandscapeLeft UIInterfaceOrientationLandscapeRight UIInterfaceOrientationPortrait UIInterfaceOrientationPortraitUpsideDown";
				IPHONEOS_DEPLOYMENT_TARGET = 14.0;
				LD_RUNPATH_SEARCH_PATHS = (
					"$(inherited)",
					"@executable_path/Frameworks",
				);
				MARKETING_VERSION = 1.0.1;
				PRODUCT_BUNDLE_IDENTIFIER = com.example.MetFlix;
				PRODUCT_NAME = "$(TARGET_NAME)";
				SWIFT_EMIT_LOC_STRINGS = YES;
				SWIFT_VERSION = 5.0;
				TARGETED_DEVICE_FAMILY = "1,2";
			};
			name = Debug;
		};
		664F3CE12B6118DD009C5E3B /* Release */ = {
			isa = XCBuildConfiguration;
			buildSettings = {
				ASSETCATALOG_COMPILER_APPICON_NAME = AppIcon;
				ASSETCATALOG_COMPILER_GLOBAL_ACCENT_COLOR_NAME = AccentColor;
				CODE_SIGN_STYLE = Automatic;
				CURRENT_PROJECT_VERSION = 1;
				DEVELOPMENT_TEAM = UZH69S3QN2;
				GENERATE_INFOPLIST_FILE = YES;
				INFOPLIST_FILE = MetFlix/Info.plist;
				INFOPLIST_KEY_LSApplicationCategoryType = "public.app-category.entertainment";
				INFOPLIST_KEY_UIApplicationSupportsIndirectInputEvents = YES;
				INFOPLIST_KEY_UILaunchStoryboardName = "";
				INFOPLIST_KEY_UIRequiresFullScreen = YES;
				INFOPLIST_KEY_UISupportedInterfaceOrientations = UIInterfaceOrientationPortrait;
				INFOPLIST_KEY_UISupportedInterfaceOrientations_iPad = "UIInterfaceOrientationLandscapeLeft UIInterfaceOrientationLandscapeRight UIInterfaceOrientationPortrait UIInterfaceOrientationPortraitUpsideDown";
				IPHONEOS_DEPLOYMENT_TARGET = 14.0;
				LD_RUNPATH_SEARCH_PATHS = (
					"$(inherited)",
					"@executable_path/Frameworks",
				);
				MARKETING_VERSION = 1.0.1;
				PRODUCT_BUNDLE_IDENTIFIER = com.example.MetFlix;
				PRODUCT_NAME = "$(TARGET_NAME)";
				SWIFT_EMIT_LOC_STRINGS = YES;
				SWIFT_VERSION = 5.0;
				TARGETED_DEVICE_FAMILY = "1,2";
			};
			name = Release;
		};
		664F3CE32B6118DD009C5E3B /* Debug */ = {
			isa = XCBuildConfiguration;
			buildSettings = {
				ALWAYS_EMBED_SWIFT_STANDARD_LIBRARIES = YES;
				BUNDLE_LOADER = "$(TEST_HOST)";
				CODE_SIGN_STYLE = Automatic;
				CURRENT_PROJECT_VERSION = 1;
				DEVELOPMENT_TEAM = UZH69S3QN2;
				GENERATE_INFOPLIST_FILE = YES;
				IPHONEOS_DEPLOYMENT_TARGET = 17.2;
				MARKETING_VERSION = 1.0;
				PRODUCT_BUNDLE_IDENTIFIER = com.example.MetFlixTests;
				PRODUCT_NAME = "$(TARGET_NAME)";
				SWIFT_EMIT_LOC_STRINGS = NO;
				SWIFT_VERSION = 5.0;
				TARGETED_DEVICE_FAMILY = "1,2";
				TEST_HOST = "$(BUILT_PRODUCTS_DIR)/MetFlix.app/$(BUNDLE_EXECUTABLE_FOLDER_PATH)/MetFlix";
			};
			name = Debug;
		};
		664F3CE42B6118DD009C5E3B /* Release */ = {
			isa = XCBuildConfiguration;
			buildSettings = {
				ALWAYS_EMBED_SWIFT_STANDARD_LIBRARIES = YES;
				BUNDLE_LOADER = "$(TEST_HOST)";
				CODE_SIGN_STYLE = Automatic;
				CURRENT_PROJECT_VERSION = 1;
				DEVELOPMENT_TEAM = UZH69S3QN2;
				GENERATE_INFOPLIST_FILE = YES;
				IPHONEOS_DEPLOYMENT_TARGET = 17.2;
				MARKETING_VERSION = 1.0;
				PRODUCT_BUNDLE_IDENTIFIER = com.example.MetFlixTests;
				PRODUCT_NAME = "$(TARGET_NAME)";
				SWIFT_EMIT_LOC_STRINGS = NO;
				SWIFT_VERSION = 5.0;
				TARGETED_DEVICE_FAMILY = "1,2";
				TEST_HOST = "$(BUILT_PRODUCTS_DIR)/MetFlix.app/$(BUNDLE_EXECUTABLE_FOLDER_PATH)/MetFlix";
			};
			name = Release;
		};
		664F3CE62B6118DD009C5E3B /* Debug */ = {
			isa = XCBuildConfiguration;
			buildSettings = {
				ALWAYS_EMBED_SWIFT_STANDARD_LIBRARIES = YES;
				CODE_SIGN_STYLE = Automatic;
				CURRENT_PROJECT_VERSION = 1;
				DEVELOPMENT_TEAM = UZH69S3QN2;
				GENERATE_INFOPLIST_FILE = YES;
				MARKETING_VERSION = 1.0;
				PRODUCT_BUNDLE_IDENTIFIER = com.example.MetFlixUITests;
				PRODUCT_NAME = "$(TARGET_NAME)";
				SWIFT_EMIT_LOC_STRINGS = NO;
				SWIFT_VERSION = 5.0;
				TARGETED_DEVICE_FAMILY = "1,2";
				TEST_TARGET_NAME = MetFlix;
			};
			name = Debug;
		};
		664F3CE72B6118DD009C5E3B /* Release */ = {
			isa = XCBuildConfiguration;
			buildSettings = {
				ALWAYS_EMBED_SWIFT_STANDARD_LIBRARIES = YES;
				CODE_SIGN_STYLE = Automatic;
				CURRENT_PROJECT_VERSION = 1;
				DEVELOPMENT_TEAM = UZH69S3QN2;
				GENERATE_INFOPLIST_FILE = YES;
				MARKETING_VERSION = 1.0;
				PRODUCT_BUNDLE_IDENTIFIER = com.example.MetFlixUITests;
				PRODUCT_NAME = "$(TARGET_NAME)";
				SWIFT_EMIT_LOC_STRINGS = NO;
				SWIFT_VERSION = 5.0;
				TARGETED_DEVICE_FAMILY = "1,2";
				TEST_TARGET_NAME = MetFlix;
			};
			name = Release;
		};
/* End XCBuildConfiguration section */

/* Begin XCConfigurationList section */
		664F3CB02B6118DB009C5E3B /* Build configuration list for PBXProject "MetFlix" */ = {
			isa = XCConfigurationList;
			buildConfigurations = (
				664F3CDD2B6118DD009C5E3B /* Debug */,
				664F3CDE2B6118DD009C5E3B /* Release */,
			);
			defaultConfigurationIsVisible = 0;
			defaultConfigurationName = Release;
		};
		664F3CDF2B6118DD009C5E3B /* Build configuration list for PBXNativeTarget "MetFlix" */ = {
			isa = XCConfigurationList;
			buildConfigurations = (
				664F3CE02B6118DD009C5E3B /* Debug */,
				664F3CE12B6118DD009C5E3B /* Release */,
			);
			defaultConfigurationIsVisible = 0;
			defaultConfigurationName = Release;
		};
		664F3CE22B6118DD009C5E3B /* Build configuration list for PBXNativeTarget "MetFlixTests" */ = {
			isa = XCConfigurationList;
			buildConfigurations = (
				664F3CE32B6118DD009C5E3B /* Debug */,
				664F3CE42B6118DD009C5E3B /* Release */,
			);
			defaultConfigurationIsVisible = 0;
			defaultConfigurationName = Release;
		};
		664F3CE52B6118DD009C5E3B /* Build configuration list for PBXNativeTarget "MetFlixUITests" */ = {
			isa = XCConfigurationList;
			buildConfigurations = (
				664F3CE62B6118DD009C5E3B /* Debug */,
				664F3CE72B6118DD009C5E3B /* Release */,
			);
			defaultConfigurationIsVisible = 0;
			defaultConfigurationName = Release;
		};
/* End XCConfigurationList section */

/* Begin XCRemoteSwiftPackageReference section */
		667BB7452B7D83060027B2CB /* XCRemoteSwiftPackageReference "SnapKit" */ = {
			isa = XCRemoteSwiftPackageReference;
			repositoryURL = "https://github.com/SnapKit/SnapKit.git";
			requirement = {
				kind = upToNextMajorVersion;
				minimumVersion = 5.7.0;
			};
		};
		66A69DE32CB54DD800C2D7C7 /* XCRemoteSwiftPackageReference "lottie-ios" */ = {
			isa = XCRemoteSwiftPackageReference;
			repositoryURL = "https://github.com/airbnb/lottie-ios.git";
			requirement = {
				kind = upToNextMajorVersion;
				minimumVersion = 4.5.0;
			};
		};
		66FEE5BF2B87F2F800704E93 /* XCRemoteSwiftPackageReference "SDWebImage" */ = {
			isa = XCRemoteSwiftPackageReference;
			repositoryURL = "https://github.com/SDWebImage/SDWebImage";
			requirement = {
				kind = upToNextMajorVersion;
				minimumVersion = 5.18.11;
			};
		};
/* End XCRemoteSwiftPackageReference section */

/* Begin XCSwiftPackageProductDependency section */
		660DDBA82B7DFBC300F03FB0 /* SnapKit */ = {
			isa = XCSwiftPackageProductDependency;
			package = 667BB7452B7D83060027B2CB /* XCRemoteSwiftPackageReference "SnapKit" */;
			productName = SnapKit;
		};
		66A69DE42CB54DD800C2D7C7 /* Lottie */ = {
			isa = XCSwiftPackageProductDependency;
			package = 66A69DE32CB54DD800C2D7C7 /* XCRemoteSwiftPackageReference "lottie-ios" */;
			productName = Lottie;
		};
		66FEE5C02B87F2F800704E93 /* SDWebImage */ = {
			isa = XCSwiftPackageProductDependency;
			package = 66FEE5BF2B87F2F800704E93 /* XCRemoteSwiftPackageReference "SDWebImage" */;
			productName = SDWebImage;
		};
/* End XCSwiftPackageProductDependency section */
	};
	rootObject = 664F3CAD2B6118DB009C5E3B /* Project object */;
}
